
Microsoft Visual Studio Solution File, Format Version 11.00
# Visual C++ Express 2010
Project("{8BC9CEB8-8B4A-11D0-8D11-00A0C91BC942}") = "opencv_win32_console", "opencv_win32_console\opencv_win32_console.vcxproj", "{A9F8A0B9-7C8F-46DA-8649-F0DFFE2AA212}"
EndProject
Global
	GlobalSection(SolutionConfigurationPlatforms) = preSolution
		Debug|Win32 = Debug|Win32
		Release|Win32 = Release|Win32
	EndGlobalSection
	GlobalSection(ProjectConfigurationPlatforms) = postSolution
		{A9F8A0B9-7C8F-46DA-8649-F0DFFE2AA212}.Debug|Win32.ActiveCfg = Debug|Win32
		{A9F8A0B9-7C8F-46DA-8649-F0DFFE2AA212}.Debug|Win32.Build.0 = Debug|Win32
		{A9F8A0B9-7C8F-46DA-8649-F0DFFE2AA212}.Release|Win32.ActiveCfg = Release|Win32
		{A9F8A0B9-7C8F-46DA-8649-F0DFFE2AA212}.Release|Win32.Build.0 = Release|Win32
	EndGlobalSection
	GlobalSection(SolutionProperties) = preSolution
		HideSolutionNode = FALSE
	EndGlobalSection
EndGlobal
